// !$*UTF8*$!
{
	archiveVersion = 1;
	classes = {
	};
	objectVersion = 50;
	objects = {

/* Begin PBXBuildFile section */
		AC15B2BF26F817FA005E9B70 /* AppDelegate.swift in Sources */ = {isa = PBXBuildFile; fileRef = AC15B2BE26F817FA005E9B70 /* AppDelegate.swift */; };
		AC15B2C126F817FA005E9B70 /* SceneDelegate.swift in Sources */ = {isa = PBXBuildFile; fileRef = AC15B2C026F817FA005E9B70 /* SceneDelegate.swift */; };
		AC15B2C326F817FA005E9B70 /* ViewController.swift in Sources */ = {isa = PBXBuildFile; fileRef = AC15B2C226F817FA005E9B70 /* ViewController.swift */; };
		AC15B2C626F817FA005E9B70 /* Main.storyboard in Resources */ = {isa = PBXBuildFile; fileRef = AC15B2C426F817FA005E9B70 /* Main.storyboard */; };
		AC15B2C826F817FF005E9B70 /* Assets.xcassets in Resources */ = {isa = PBXBuildFile; fileRef = AC15B2C726F817FF005E9B70 /* Assets.xcassets */; };
		AC15B2CB26F817FF005E9B70 /* LaunchScreen.storyboard in Resources */ = {isa = PBXBuildFile; fileRef = AC15B2C926F817FF005E9B70 /* LaunchScreen.storyboard */; };
/* End PBXBuildFile section */

/* Begin PBXFileReference section */
		AC15B2BB26F817FA005E9B70 /* Financial Mindset Affirmations.app */ = {isa = PBXFileReference; explicitFileType = wrapper.application; includeInIndex = 0; path = "Financial Mindset Affirmations.app"; sourceTree = BUILT_PRODUCTS_DIR; };
		AC15B2BE26F817FA005E9B70 /* AppDelegate.swift */ = {isa = PBXFileReference; lastKnownFileType = sourcecode.swift; path = AppDelegate.swift; sourceTree = "<group>"; };
		AC15B2C026F817FA005E9B70 /* SceneDelegate.swift */ = {isa = PBXFileReference; lastKnownFileType = sourcecode.swift; path = SceneDelegate.swift; sourceTree = "<group>"; };
		AC15B2C226F817FA005E9B70 /* ViewController.swift */ = {isa = PBXFileReference; lastKnownFileType = sourcecode.swift; path = ViewController.swift; sourceTree = "<group>"; };
		AC15B2C526F817FA005E9B70 /* Base */ = {isa = PBXFileReference; lastKnownFileType = file.storyboard; name = Base; path = Base.lproj/Main.storyboard; sourceTree = "<group>"; };
		AC15B2C726F817FF005E9B70 /* Assets.xcassets */ = {isa = PBXFileReference; lastKnownFileType = folder.assetcatalog; path = Assets.xcassets; sourceTree = "<group>"; };
		AC15B2CA26F817FF005E9B70 /* Base */ = {isa = PBXFileReference; lastKnownFileType = file.storyboard; name = Base; path = Base.lproj/LaunchScreen.storyboard; sourceTree = "<group>"; };
		AC15B2CC26F817FF005E9B70 /* Info.plist */ = {isa = PBXFileReference; lastKnownFileType = text.plist.xml; path = Info.plist; sourceTree = "<group>"; };
/* End PBXFileReference section */

/* Begin PBXFrameworksBuildPhase section */
		AC15B2B826F817FA005E9B70 /* Frameworks */ = {
			isa = PBXFrameworksBuildPhase;
			buildActionMask = 2147483647;
			files = (
			);
			runOnlyForDeploymentPostprocessing = 0;
		};
/* End PBXFrameworksBuildPhase section */

/* Begin PBXGroup section */
		AC15B2B226F817FA005E9B70 = {
			isa = PBXGroup;
			children = (
				AC15B2BD26F817FA005E9B70 /* Financial Mindset Affirmations */,
				AC15B2BC26F817FA005E9B70 /* Products */,
			);
			sourceTree = "<group>";
		};
		AC15B2BC26F817FA005E9B70 /* Products */ = {
			isa = PBXGroup;
			children = (
				AC15B2BB26F817FA005E9B70 /* Financial Mindset Affirmations.app */,
			);
			name = Products;
			sourceTree = "<group>";
		};
		AC15B2BD26F817FA005E9B70 /* Financial Mindset Affirmations */ = {
			isa = PBXGroup;
			children = (
				AC15B2BE26F817FA005E9B70 /* AppDelegate.swift */,
				AC15B2C026F817FA005E9B70 /* SceneDelegate.swift */,
				AC15B2C226F817FA005E9B70 /* ViewController.swift */,
				AC15B2C426F817FA005E9B70 /* Main.storyboard */,
				AC15B2C726F817FF005E9B70 /* Assets.xcassets */,
				AC15B2C926F817FF005E9B70 /* LaunchScreen.storyboard */,
				AC15B2CC26F817FF005E9B70 /* Info.plist */,
			);
			path = "Financial Mindset Affirmations";
			sourceTree = "<group>";
		};
/* End PBXGroup section */

/* Begin PBXNativeTarget section */
		AC15B2BA26F817FA005E9B70 /* Financial Mindset Affirmations */ = {
			isa = PBXNativeTarget;
			buildConfigurationList = AC15B2CF26F817FF005E9B70 /* Build configuration list for PBXNativeTarget "Financial Mindset Affirmations" */;
			buildPhases = (
				AC15B2B726F817FA005E9B70 /* Sources */,
				AC15B2B826F817FA005E9B70 /* Frameworks */,
				AC15B2B926F817FA005E9B70 /* Resources */,
			);
			buildRules = (
			);
			dependencies = (
			);
			name = "Financial Mindset Affirmations";
			productName = "Financial Mindset Affirmations";
			productReference = AC15B2BB26F817FA005E9B70 /* Financial Mindset Affirmations.app */;
			productType = "com.apple.product-type.application";
		};
/* End PBXNativeTarget section */

/* Begin PBXProject section */
		AC15B2B326F817FA005E9B70 /* Project object */ = {
			isa = PBXProject;
			attributes = {
				LastSwiftUpdateCheck = 1250;
				LastUpgradeCheck = 1250;
				TargetAttributes = {
					AC15B2BA26F817FA005E9B70 = {
						CreatedOnToolsVersion = 12.5;
					};
				};
			};
			buildConfigurationList = AC15B2B626F817FA005E9B70 /* Build configuration list for PBXProject "Financial Mindset Affirmations" */;
			compatibilityVersion = "Xcode 9.3";
			developmentRegion = en;
			hasScannedForEncodings = 0;
			knownRegions = (
				en,
				Base,
			);
			mainGroup = AC15B2B226F817FA005E9B70;
			productRefGroup = AC15B2BC26F817FA005E9B70 /* Products */;
			projectDirPath = "";
			projectRoot = "";
			targets = (
				AC15B2BA26F817FA005E9B70 /* Financial Mindset Affirmations */,
			);
		};
/* End PBXProject section */

/* Begin PBXResourcesBuildPhase section */
		AC15B2B926F817FA005E9B70 /* Resources */ = {
			isa = PBXResourcesBuildPhase;
			buildActionMask = 2147483647;
			files = (
				AC15B2CB26F817FF005E9B70 /* LaunchScreen.storyboard in Resources */,
				AC15B2C826F817FF005E9B70 /* Assets.xcassets in Resources */,
				AC15B2C626F817FA005E9B70 /* Main.storyboard in Resources */,
			);
			runOnlyForDeploymentPostprocessing = 0;
		};
/* End PBXResourcesBuildPhase section */

/* Begin PBXSourcesBuildPhase section */
		AC15B2B726F817FA005E9B70 /* Sources */ = {
			isa = PBXSourcesBuildPhase;
			buildActionMask = 2147483647;
			files = (
				AC15B2C326F817FA005E9B70 /* ViewController.swift in Sources */,
				AC15B2BF26F817FA005E9B70 /* AppDelegate.swift in Sources */,
				AC15B2C126F817FA005E9B70 /* SceneDelegate.swift in Sources */,
			);
			runOnlyForDeploymentPostprocessing = 0;
		};
/* End PBXSourcesBuildPhase section */

/* Begin PBXVariantGroup section */
		AC15B2C426F817FA005E9B70 /* Main.storyboard */ = {
			isa = PBXVariantGroup;
			children = (
				AC15B2C526F817FA005E9B70 /* Base */,
			);
			name = Main.storyboard;
			sourceTree = "<group>";
		};
		AC15B2C926F817FF005E9B70 /* LaunchScreen.storyboard */ = {
			isa = PBXVariantGroup;
			children = (
				AC15B2CA26F817FF005E9B70 /* Base */,
			);
			name = LaunchScreen.storyboard;
			sourceTree = "<group>";
		};
/* End PBXVariantGroup section */

/* Begin XCBuildConfiguration section */
		AC15B2CD26F817FF005E9B70 /* Debug */ = {
			isa = XCBuildConfiguration;
			buildSettings = {
				ALWAYS_SEARCH_USER_PATHS = NO;
				CLANG_ANALYZER_NONNULL = YES;
				CLANG_ANALYZER_NUMBER_OBJECT_CONVERSION = YES_AGGRESSIVE;
				CLANG_CXX_LANGUAGE_STANDARD = "gnu++14";
				CLANG_CXX_LIBRARY = "libc++";
				CLANG_ENABLE_MODULES = YES;
				CLANG_ENABLE_OBJC_ARC = YES;
				CLANG_ENABLE_OBJC_WEAK = YES;
				CLANG_WARN_BLOCK_CAPTURE_AUTORELEASING = YES;
				CLANG_WARN_BOOL_CONVERSION = YES;
				CLANG_WARN_COMMA = YES;
				CLANG_WARN_CONSTANT_CONVERSION = YES;
				CLANG_WARN_DEPRECATED_OBJC_IMPLEMENTATIONS = YES;
				CLANG_WARN_DIRECT_OBJC_ISA_USAGE = YES_ERROR;
				CLANG_WARN_DOCUMENTATION_COMMENTS = YES;
				CLANG_WARN_EMPTY_BODY = YES;
				CLANG_WARN_ENUM_CONVERSION = YES;
				CLANG_WARN_INFINITE_RECURSION = YES;
				CLANG_WARN_INT_CONVERSION = YES;
				CLANG_WARN_NON_LITERAL_NULL_CONVERSION = YES;
				CLANG_WARN_OBJC_IMPLICIT_RETAIN_SELF = YES;
				CLANG_WARN_OBJC_LITERAL_CONVERSION = YES;
				CLANG_WARN_OBJC_ROOT_CLASS = YES_ERROR;
				CLANG_WARN_QUOTED_INCLUDE_IN_FRAMEWORK_HEADER = YES;
				CLANG_WARN_RANGE_LOOP_ANALYSIS = YES;
				CLANG_WARN_STRICT_PROTOTYPES = YES;
				CLANG_WARN_SUSPICIOUS_MOVE = YES;
				CLANG_WARN_UNGUARDED_AVAILABILITY = YES_AGGRESSIVE;
				CLANG_WARN_UNREACHABLE_CODE = YES;
				CLANG_WARN__DUPLICATE_METHOD_MATCH = YES;
				COPY_PHASE_STRIP = NO;
				DEBUG_INFORMATION_FORMAT = dwarf;
				ENABLE_STRICT_OBJC_MSGSEND = YES;
				ENABLE_TESTABILITY = YES;
				GCC_C_LANGUAGE_STANDARD = gnu11;
				GCC_DYNAMIC_NO_PIC = NO;
				GCC_NO_COMMON_BLOCKS = YES;
				GCC_OPTIMIZATION_LEVEL = 0;
				GCC_PREPROCESSOR_DEFINITIONS = (
					"DEBUG=1",
					"$(inherited)",
				);
				GCC_WARN_64_TO_32_BIT_CONVERSION = YES;
				GCC_WARN_ABOUT_RETURN_TYPE = YES_ERROR;
				GCC_WARN_UNDECLARED_SELECTOR = YES;
				GCC_WARN_UNINITIALIZED_AUTOS = YES_AGGRESSIVE;
				GCC_WARN_UNUSED_FUNCTION = YES;
				GCC_WARN_UNUSED_VARIABLE = YES;
				IPHONEOS_DEPLOYMENT_TARGET = 14.5;
				MTL_ENABLE_DEBUG_INFO = INCLUDE_SOURCE;
				MTL_FAST_MATH = YES;
				ONLY_ACTIVE_ARCH = YES;
				SDKROOT = iphoneos;
				SWIFT_ACTIVE_COMPILATION_CONDITIONS = DEBUG;
				SWIFT_OPTIMIZATION_LEVEL = "-Onone";
			};
			name = Debug;
		};
		AC15B2CE26F817FF005E9B70 /* Release */ = {
			isa = XCBuildConfiguration;
			buildSettings = {
				ALWAYS_SEARCH_USER_PATHS = NO;
				CLANG_ANALYZER_NONNULL = YES;
				CLANG_ANALYZER_NUMBER_OBJECT_CONVERSION = YES_AGGRESSIVE;
				CLANG_CXX_LANGUAGE_STANDARD = "gnu++14";
				CLANG_CXX_LIBRARY = "libc++";
				CLANG_ENABLE_MODULES = YES;
				CLANG_ENABLE_OBJC_ARC = YES;
				CLANG_ENABLE_OBJC_WEAK = YES;
				CLANG_WARN_BLOCK_CAPTURE_AUTORELEASING = YES;
				CLANG_WARN_BOOL_CONVERSION = YES;
				CLANG_WARN_COMMA = YES;
				CLANG_WARN_CONSTANT_CONVERSION = YES;
				CLANG_WARN_DEPRECATED_OBJC_IMPLEMENTATIONS = YES;
				CLANG_WARN_DIRECT_OBJC_ISA_USAGE = YES_ERROR;
				CLANG_WARN_DOCUMENTATION_COMMENTS = YES;
				CLANG_WARN_EMPTY_BODY = YES;
				CLANG_WARN_ENUM_CONVERSION = YES;
				CLANG_WARN_INFINITE_RECURSION = YES;
				CLANG_WARN_INT_CONVERSION = YES;
				CLANG_WARN_NON_LITERAL_NULL_CONVERSION = YES;
				CLANG_WARN_OBJC_IMPLICIT_RETAIN_SELF = YES;
				CLANG_WARN_OBJC_LITERAL_CONVERSION = YES;
				CLANG_WARN_OBJC_ROOT_CLASS = YES_ERROR;
				CLANG_WARN_QUOTED_INCLUDE_IN_FRAMEWORK_HEADER = YES;
				CLANG_WARN_RANGE_LOOP_ANALYSIS = YES;
				CLANG_WARN_STRICT_PROTOTYPES = YES;
				CLANG_WARN_SUSPICIOUS_MOVE = YES;
				CLANG_WARN_UNGUARDED_AVAILABILITY = YES_AGGRESSIVE;
				CLANG_WARN_UNREACHABLE_CODE = YES;
				CLANG_WARN__DUPLICATE_METHOD_MATCH = YES;
				COPY_PHASE_STRIP = NO;
				DEBUG_INFORMATION_FORMAT = "dwarf-with-dsym";
				ENABLE_NS_ASSERTIONS = NO;
				ENABLE_STRICT_OBJC_MSGSEND = YES;
				GCC_C_LANGUAGE_STANDARD = gnu11;
				GCC_NO_COMMON_BLOCKS = YES;
				GCC_WARN_64_TO_32_BIT_CONVERSION = YES;
				GCC_WARN_ABOUT_RETURN_TYPE = YES_ERROR;
				GCC_WARN_UNDECLARED_SELECTOR = YES;
				GCC_WARN_UNINITIALIZED_AUTOS = YES_AGGRESSIVE;
				GCC_WARN_UNUSED_FUNCTION = YES;
				GCC_WARN_UNUSED_VARIABLE = YES;
				IPHONEOS_DEPLOYMENT_TARGET = 14.5;
				MTL_ENABLE_DEBUG_INFO = NO;
				MTL_FAST_MATH = YES;
				SDKROOT = iphoneos;
				SWIFT_COMPILATION_MODE = wholemodule;
				SWIFT_OPTIMIZATION_LEVEL = "-O";
				VALIDATE_PRODUCT = YES;
			};
			name = Release;
		};
		AC15B2D026F817FF005E9B70 /* Debug */ = {
			isa = XCBuildConfiguration;
			buildSettings = {
				ASSETCATALOG_COMPILER_APPICON_NAME = AppIcon;
				ASSETCATALOG_COMPILER_GLOBAL_ACCENT_COLOR_NAME = AccentColor;
				CODE_SIGN_STYLE = Automatic;
				INFOPLIST_FILE = "Financial Mindset Affirmations/Info.plist";
				LD_RUNPATH_SEARCH_PATHS = (
					"$(inherited)",
					"@executable_path/Frameworks",
				);
				PRODUCT_BUNDLE_IDENTIFIER = "Carrie-Barrett.Financial-Mindset-Affirmations";
				PRODUCT_NAME = "$(TARGET_NAME)";
				SWIFT_VERSION = 5.0;
				TARGETED_DEVICE_FAMILY = "1,2";
			};
			name = Debug;
		};
		AC15B2D126F817FF005E9B70 /* Release */ = {
			isa = XCBuildConfiguration;
			buildSettings = {
				ASSETCATALOG_COMPILER_APPICON_NAME = AppIcon;
				ASSETCATALOG_COMPILER_GLOBAL_ACCENT_COLOR_NAME = AccentColor;
				CODE_SIGN_STYLE = Automatic;
				INFOPLIST_FILE = "Financial Mindset Affirmations/Info.plist";
				LD_RUNPATH_SEARCH_PATHS = (
					"$(inherited)",
					"@executable_path/Frameworks",
				);
				PRODUCT_BUNDLE_IDENTIFIER = "Carrie-Barrett.Financial-Mindset-Affirmations";
				PRODUCT_NAME = "$(TARGET_NAME)";
				SWIFT_VERSION = 5.0;
				TARGETED_DEVICE_FAMILY = "1,2";
			};
			name = Release;
		};
/* End XCBuildConfiguration section */

/* Begin XCConfigurationList section */
		AC15B2B626F817FA005E9B70 /* Build configuration list for PBXProject "Financial Mindset Affirmations" */ = {
			isa = XCConfigurationList;
			buildConfigurations = (
				AC15B2CD26F817FF005E9B70 /* Debug */,
				AC15B2CE26F817FF005E9B70 /* Release */,
			);
			defaultConfigurationIsVisible = 0;
			defaultConfigurationName = Release;
		};
		AC15B2CF26F817FF005E9B70 /* Build configuration list for PBXNativeTarget "Financial Mindset Affirmations" */ = {
			isa = XCConfigurationList;
			buildConfigurations = (
				AC15B2D026F817FF005E9B70 /* Debug */,
				AC15B2D126F817FF005E9B70 /* Release */,
			);
			defaultConfigurationIsVisible = 0;
			defaultConfigurationName = Release;
		};
/* End XCConfigurationList section */
	};
	rootObject = AC15B2B326F817FA005E9B70 /* Project object */;
}
